{
  "version": 1,
  "dependencies": {
    "net8.0": {
      "ARCtrl": {
        "type": "Direct",
        "requested": "[2.3.1, )",
        "resolved": "2.3.1",
        "contentHash": "V9FUoSoqof+/qcjojIsvPxSzH5RtI7HPzikSS/r0t5E4us7JkJqSC3h+uqBdrnLcFVuAFlTDk+rWBpafuVVgtw==",
        "dependencies": {
          "ARCtrl.CWL": "2.3.1",
          "ARCtrl.Contract": "2.3.1",
          "ARCtrl.FileSystem": "2.3.1",
          "ARCtrl.Json": "2.3.1",
          "ARCtrl.ROCrate": "2.3.1",
          "ARCtrl.Spreadsheet": "2.3.1",
          "Fable.SimpleHttp": "3.5.0",
          "FsSpreadsheet.NET": "6.3.1",
          "Thoth.Json.Newtonsoft": "0.2.0"
        }
      },
      "Argu": {
        "type": "Direct",
        "requested": "[6.1.1, 6.1.1]",
        "resolved": "6.1.1",
        "contentHash": "5SBLYihaZ6/YNpRU+0v0QLsCk7ABmOWNOUwkXVUql2w7kJ6Hi4AFhgIv5XLTtxTid5/xrJAL+PglQkNcjANCJg==",
        "dependencies": {
          "FSharp.Core": "4.3.2",
          "System.Configuration.ConfigurationManager": "4.4.0"
        }
      },
      "FSharp.Core": {
        "type": "Direct",
        "requested": "[8.0.301, )",
        "resolved": "8.0.301",
        "contentHash": "I94+2zfAhWMJwPzVDFSlsutZvjPkaRvLVipf8b2O4AyzxKUBmevDkUBzcJBqSQNB1Ikig8xdphswoeKrObqx7Q=="
      },
      "JsonDSL": {
        "type": "Direct",
        "requested": "[0.2.0, 0.2.0]",
        "resolved": "0.2.0",
        "contentHash": "bq41FAkRAlG+b1aWz5ZejrtJng2Pg8KqEotjGlucmacLOwEF/+qr0Remrn/GH/MPlYJsKcFTOY5IkN3/0ArqIg==",
        "dependencies": {
          "FSharp.Core": "6.0.6",
          "System.Text.Json": "7.0.2"
        }
      },
      "ARCtrl.Contract": {
        "type": "Transitive",
        "resolved": "2.3.1",
        "contentHash": "5G8Oa+yc22J1UPo7flfY/ZoWl8H+dfchqyTaY9vDPHUiKQc4Ck6yRBnvDOYG59fYL3OLKXSKnvNeIpmIu10Keg==",
        "dependencies": {
          "ARCtrl.Core": "2.3.1",
          "ARCtrl.Json": "2.3.1",
          "ARCtrl.Spreadsheet": "2.3.1",
          "ARCtrl.Yaml": "2.3.1"
        }
      },
      "ARCtrl.Core": {
        "type": "Transitive",
        "resolved": "2.3.1",
        "contentHash": "7+/cy6XnpYyKm5Ia8aVq3tW6O7UU1WVEBrzvWVpwQPhgf1AJ9737sEZ6XdvEsq/l6NtdUFEFs4GC6SF0FZCFXA==",
        "dependencies": {
          "ARCtrl.CWL": "2.3.1",
          "ARCtrl.FileSystem": "2.3.1"
        }
      },
      "ARCtrl.CWL": {
        "type": "Transitive",
        "resolved": "2.3.1",
        "contentHash": "Gs/vzcE9He6vXwXrdT9ECSBqOG5ChxNh58o3XTzk4KCHXkxBzJSc9RFG3m/doTkjVfxMOblbIf8nCouv/ug1CQ==",
        "dependencies": {
          "DynamicObj": "4.0.3",
          "YAMLicious": "0.0.3"
        }
      },
      "ARCtrl.FileSystem": {
        "type": "Transitive",
        "resolved": "2.3.1",
        "contentHash": "KI+MxH3Fst2VjQtDblNueUfEA2tZ0nozm0qaZ5hvApxu7fOvoHYtmTkELcvV0c1GvaKpNsSH/F0fgxtYoNXvnw==",
        "dependencies": {
          "Fable.Core": "4.3.0"
        }
      },
      "ARCtrl.Json": {
        "type": "Transitive",
        "resolved": "2.3.1",
        "contentHash": "TMW98l2I60x87QaOwvvrCP84/5Sr4e6G/7fYDSVeaNQFg44S5/3u9v+WnAM1oiJIJFh841J7YXlzbpoKafHRRg==",
        "dependencies": {
          "ARCtrl.Core": "2.3.1",
          "ARCtrl.ROCrate": "2.3.1",
          "Thoth.Json.Core": "0.4.0"
        }
      },
      "ARCtrl.ROCrate": {
        "type": "Transitive",
        "resolved": "2.3.1",
        "contentHash": "5OoRJG5Iwa8R7q+DVyH7sp/q3bi3pdlIMHNy5HFcRxFjEBYp2q5wsPalczLs09v969J29ScTF0sVOOUrq46/vg==",
        "dependencies": {
          "DynamicObj": "4.0.3",
          "Thoth.Json.Core": "0.4.0"
        }
      },
      "ARCtrl.Spreadsheet": {
        "type": "Transitive",
        "resolved": "2.3.1",
        "contentHash": "dMgblfqnhQJiSu0D4BAcmL7MvPtjI4/X6bixm1zdPtbTekuQGs9pwOW+3qdwdmRakAmFgGiliFOPN0k/vxiFgw==",
        "dependencies": {
          "ARCtrl.Core": "2.3.1",
          "ARCtrl.FileSystem": "2.3.1",
          "FsSpreadsheet": "6.3.1"
        }
      },
      "ARCtrl.ValidationPackages": {
        "type": "Transitive",
        "resolved": "2.3.1",
        "contentHash": "GpecsMHEHoM+WsfArPfXY3sI2tl8Cohp3zJnpkGmZELvCRgULhNRg/cAe1pICf9VwgOPyGkX0Dpo+PDAzyLTRg==",
        "dependencies": {
          "ARCtrl.Core": "2.3.1"
        }
      },
      "ARCtrl.Yaml": {
        "type": "Transitive",
        "resolved": "2.3.1",
        "contentHash": "8eSzXGyR+mAaQJGVYpWj8DhVpEJAlxzeC1Q9sXmmKE4yHHtgEEwFGPREbEDOewdpDv5axJzoJKHFcZR9iMHf/g==",
        "dependencies": {
          "ARCtrl.Core": "2.3.1",
          "ARCtrl.ValidationPackages": "2.3.1",
          "YAMLicious": "0.0.3"
        }
      },
      "DocumentFormat.OpenXml": {
        "type": "Transitive",
        "resolved": "2.16.0",
        "contentHash": "RhpnDgyyx1KjZm98T3w3bSXFHG/7ZNUaVmz4NAUA+jmV3PcVNZeW87Y04CpBNLdDHEMSspirfo0B5kLRaoE97w==",
        "dependencies": {
          "System.IO.Packaging": "4.7.0"
        }
      },
      "DynamicObj": {
        "type": "Transitive",
        "resolved": "4.0.3",
        "contentHash": "lC9H9sMEBZPOCfPKrUFm9Hsh2RGWTIoy7yJCmZDn1+A564E4QFPMKki+FxNEVhKPLI6YkNANeaerU4BebfOBiw==",
        "dependencies": {
          "FSharp.Core": "8.0.301",
          "Fable.Core": "4.3.0"
        }
      },
      "Fable.Browser.Blob": {
        "type": "Transitive",
        "resolved": "1.1.0",
        "contentHash": "xMX7hPFwBUGuj75xLlH6VsVThZjRlGW4zOqXb1X+byRPLSBE91vtn9EueNUB+YpGhE9LfrtakIPNGy+dkoMkjg==",
        "dependencies": {
          "FSharp.Core": "4.6.2",
          "Fable.Core": "3.0.0"
        }
      },
      "Fable.Browser.Dom": {
        "type": "Transitive",
        "resolved": "1.0.0",
        "contentHash": "ZodpIKYuKnUnqN71Fi103mh0joFYrRPGwpYOrpbZ149PkVAW7DNKXgxad5lsi9df7vAe5+sBhhO71TPREZaWlw==",
        "dependencies": {
          "FSharp.Core": "4.5.2",
          "Fable.Browser.Blob": "1.0.0",
          "Fable.Browser.Event": "1.0.0",
          "Fable.Browser.WebStorage": "1.0.0",
          "Fable.Core": "3.0.0"
        }
      },
      "Fable.Browser.Event": {
        "type": "Transitive",
        "resolved": "1.0.0",
        "contentHash": "T1bGrlRJ4A2fxOfAVPzJpxanR6lkzPgJroPdSN1IU5CLdKtvRakWmYq6QKqu4dz6ZV9Z3fIPTWLZkoGKEOEo3w==",
        "dependencies": {
          "FSharp.Core": "4.5.2",
          "Fable.Core": "3.0.0"
        }
      },
      "Fable.Browser.WebStorage": {
        "type": "Transitive",
        "resolved": "1.0.0",
        "contentHash": "ZqnZKYkhPO+wmJPxQqtiwSc3zCC/mB37SPlVi4ZLiHoPFnra7SQ3qaRn4/ENYTeaVtVq92eVaYbTyAOnFn+GPA==",
        "dependencies": {
          "FSharp.Core": "4.5.2",
          "Fable.Browser.Event": "1.0.0",
          "Fable.Core": "3.0.0"
        }
      },
      "Fable.Browser.XMLHttpRequest": {
        "type": "Transitive",
        "resolved": "1.1.0",
        "contentHash": "27p/F8781NrnV9vQ23RhX10ww9MDkX+Yi3yTiV9s8U8Bufi/VCCjS4swX0LXvgKQANN3k87CwaNeiO75r2U7gw==",
        "dependencies": {
          "FSharp.Core": "4.6.2",
          "Fable.Browser.Blob": "1.1.0",
          "Fable.Browser.Event": "1.0.0",
          "Fable.Core": "3.0.0"
        }
      },
      "Fable.Core": {
        "type": "Transitive",
        "resolved": "4.3.0",
        "contentHash": "sbK+hYs7H7I3b3sbgttI4GlvQfNPcIqSz1qPSagF3QbVA46KJ/pWSXC/Dwv0s9M6AeRGmoqcIeD7GUaLn41zkA=="
      },
      "Fable.Package.SDK": {
        "type": "Transitive",
        "resolved": "1.0.0",
        "contentHash": "TIXktcGpeqE3QOr2coV+w5erpLtfijpfBilhb0MNV2OSao/Y5Zg3r7StF+wZ4jSm4Pkid4HpjshZB/V9fUc/Ew=="
      },
      "Fable.SimpleHttp": {
        "type": "Transitive",
        "resolved": "3.5.0",
        "contentHash": "SWYshvAI90JcdGLsUmTWBG9eaazY6ihdIk/uehrEz/VqMx9qX+e7+PzYaw31DMwGYSva9/mpq9s69T/z8Ubl5Q==",
        "dependencies": {
          "FSharp.Core": "4.6.2",
          "Fable.Browser.Dom": "1.0.0",
          "Fable.Browser.XMLHttpRequest": "1.1.0",
          "Fable.Core": "3.0.0"
        }
      },
      "FsSpreadsheet": {
        "type": "Transitive",
        "resolved": "6.3.1",
        "contentHash": "vJUjS9fR1QftcWAFDtZxBKNuTe/PCAapI0Kj3ag46SzHbmlOIzz+Yu5INQ/0kgxoR5ZguX8ojNbLRHpeiaGGfQ==",
        "dependencies": {
          "FSharp.Core": "8.0.301",
          "Thoth.Json.Core": "0.2.1"
        }
      },
      "FsSpreadsheet.Net": {
        "type": "Transitive",
        "resolved": "6.3.1",
        "contentHash": "2Kw1QM6eJak1HIZipsGRROXb5hTEe5WPxmy3S/L+VzsA/nFNHMfKuY+BPmTJp2AY+2ybp+vDHd5tt9vi9o2Mcg==",
        "dependencies": {
          "DocumentFormat.OpenXml": "2.16.0",
          "FSharp.Core": "8.0.301",
          "FsSpreadsheet": "[6.0.0, 7.0.0)",
          "Thoth.Json.Newtonsoft": "0.1.0"
        }
      },
      "Newtonsoft.Json": {
        "type": "Transitive",
        "resolved": "13.0.1",
        "contentHash": "ppPFpBcvxdsfUonNcvITKqLl3bqxWbDCZIzDWHzjpdAHRFfZe0Dw9HmA0+za13IdyrgJwpkDTDA9fHaxOrt20A=="
      },
      "System.Configuration.ConfigurationManager": {
        "type": "Transitive",
        "resolved": "4.4.0",
        "contentHash": "gWwQv/Ug1qWJmHCmN17nAbxJYmQBM/E94QxKLksvUiiKB1Ld3Sc/eK1lgmbSjDFxkQhVuayI/cGFZhpBSodLrg==",
        "dependencies": {
          "System.Security.Cryptography.ProtectedData": "4.4.0"
        }
      },
      "System.IO.Packaging": {
        "type": "Transitive",
        "resolved": "4.7.0",
        "contentHash": "9VV4KAbgRQZ79iEoG40KIeZy38O30oWwewScAST879+oki8g/Wa2HXZQgrhDDxQM4GkP1PnRJll05NMiVPbYAw=="
      },
      "System.Security.Cryptography.ProtectedData": {
        "type": "Transitive",
        "resolved": "4.4.0",
        "contentHash": "cJV7ScGW7EhatRsjehfvvYVBvtiSMKgN8bOVI0bQhnF5bU7vnHVIsH49Kva7i7GWaWYvmEzkYVk1TC+gZYBEog=="
      },
      "System.Text.Encodings.Web": {
        "type": "Transitive",
        "resolved": "7.0.0",
        "contentHash": "OP6umVGxc0Z0MvZQBVigj4/U31Pw72ITihDWP9WiWDm+q5aoe0GaJivsfYGq53o6dxH7DcXWiCTl7+0o2CGdmg=="
      },
      "System.Text.Json": {
        "type": "Transitive",
        "resolved": "7.0.2",
        "contentHash": "/LZf/JrGyilojqwpaywb+sSz8Tew7ij4K/Sk+UW8AKfAK7KRhR6mKpKtTm06cYA7bCpGTWfYksIW+mVsdxPegQ==",
        "dependencies": {
          "System.Text.Encodings.Web": "7.0.0"
        }
      },
      "Thoth.Json.Core": {
        "type": "Transitive",
        "resolved": "0.4.0",
        "contentHash": "+9ECg/XDpLHsa5pPW8x9ZsZL4bWZqhgTScHHuhxqgjxYRwwoi41oushdfEHZ8WoQwmNdCPCljSkX1nTZ91muVw==",
        "dependencies": {
          "FSharp.Core": "5.0.0",
          "Fable.Core": "4.1.0",
          "Fable.Package.SDK": "1.0.0"
        }
      },
      "Thoth.Json.Newtonsoft": {
        "type": "Transitive",
        "resolved": "0.2.0",
        "contentHash": "dMQOT6TJftO97c8gHWFegfSw/0/E+VdhGaSkf3e1Ba+DjrAESLA9HMlYyE30x7nhn7w5SfH1WO9YyzSRTV4Ysg==",
        "dependencies": {
          "FSharp.Core": "5.0.0",
          "Fable.Core": "4.1.0",
          "Fable.Package.SDK": "0.1.0",
          "Newtonsoft.Json": "13.0.1",
          "Thoth.Json.Core": "0.3.0"
        }
      },
      "YAMLicious": {
        "type": "Transitive",
        "resolved": "0.0.3",
        "contentHash": "hpvlVVMi+ZNMKt2Eg4XTo2VQtp7alcJdzNuRWiej9b2cD6N0Z4Ly4ksoju8H4Od20lNR29ftMg+Bb5ZuLZt7Wg==",
        "dependencies": {
          "FSharp.Core": "8.0.300",
          "Fable.Core": "4.3.0"
        }
      }
    }
  }
}